
Microsoft Visual Studio Solution File, Format Version 12.00
# Visual Studio Version 17
VisualStudioVersion = 17.9.34714.143
MinimumVisualStudioVersion = 10.0.40219.1
Project("{2150E333-8FDC-42A3-9474-1A3956D46DE8}") = "Src", "Src", "{02EA681E-C7D8-13C7-8484-4AC65E1B71E8}"
EndProject
Project("{2150E333-8FDC-42A3-9474-1A3956D46DE8}") = "SharedKernel", "SharedKernel", "{9F482A4D-474B-4F18-9F7A-1FADAF120C77}"
EndProject
Project("{2150E333-8FDC-42A3-9474-1A3956D46DE8}") = "1.Core", "1.Core", "{7AF3A914-0820-446C-8D4A-C1C3414B4E65}"
EndProject
Project("{2150E333-8FDC-42A3-9474-1A3956D46DE8}") = "2.Infrastructure", "2.Infrastructure", "{89AEC641-F739-4BF5-BECE-2610742894D8}"
EndProject
Project("{2150E333-8FDC-42A3-9474-1A3956D46DE8}") = "3.EndPoints", "3.EndPoints", "{F1091450-3372-4A87-A807-1AD01A5B537D}"
EndProject
Project("{2150E333-8FDC-42A3-9474-1A3956D46DE8}") = "Domain", "Domain", "{8E0E1067-D6A6-4CB9-93C8-A919D8669C95}"
EndProject
Project("{2150E333-8FDC-42A3-9474-1A3956D46DE8}") = "Application", "Application", "{40E78D05-9636-4795-8AAA-800FF2B597DB}"
EndProject
Project("{2150E333-8FDC-42A3-9474-1A3956D46DE8}") = "SQL", "SQL", "{E82191C1-85E4-4F2C-A96B-B09C273DFBED}"
EndProject
Project("{2150E333-8FDC-42A3-9474-1A3956D46DE8}") = "SQLCommand", "SQLCommand", "{E2BF41CF-05A3-4688-9719-D4C8C9E9325A}"
EndProject
Project("{2150E333-8FDC-42A3-9474-1A3956D46DE8}") = "SQLQuery", "SQLQuery", "{226C26AE-AE00-481F-8903-E73BBC7D3261}"
EndProject
Project("{2150E333-8FDC-42A3-9474-1A3956D46DE8}") = "WebApi", "WebApi", "{F84DB966-3AAD-447B-B6EA-5556717566B6}"
EndProject
Project("{2150E333-8FDC-42A3-9474-1A3956D46DE8}") = "WebService", "WebService", "{BDEF7A38-2EED-40FB-8860-83BD149384DB}"
EndProject
Project("{2150E333-8FDC-42A3-9474-1A3956D46DE8}") = "Utilities", "Utilities", "{FDBFF562-081B-4107-9C90-3135AF104B7F}"
EndProject
Project("{FAE04EC0-301F-11D3-BF4B-00C04F79EFBC}") = "BaseSource.Core.Domain", "Src\1.Core\Domain\BaseSource.Core.Domain\BaseSource.Core.Domain.csproj", "{07367CCD-33FE-4E78-9488-C0D429657112}"
EndProject
Project("{FAE04EC0-301F-11D3-BF4B-00C04F79EFBC}") = "BaseSource.Core.Application", "Src\1.Core\Application\BaseSource.Core.Application\BaseSource.Core.Application.csproj", "{3FC78001-C5F1-44DF-852A-A33DC50617C1}"
EndProject
Project("{FAE04EC0-301F-11D3-BF4B-00C04F79EFBC}") = "BaseSource.Infrastructure.SQL", "Src\2.Infrastructure\SQL\BaseSource.Infrastructure.SQL\BaseSource.Infrastructure.SQL.csproj", "{E1204082-454B-45C5-8A1E-AD29A29EAB4D}"
EndProject
Project("{FAE04EC0-301F-11D3-BF4B-00C04F79EFBC}") = "BaseSource.Infrastructure.SQL.Command", "Src\2.Infrastructure\SQLCommand\BaseSource.Infrastructure.SQL.Command\BaseSource.Infrastructure.SQL.Command.csproj", "{9C79B5E0-4E61-48F4-9C65-151E8E187B41}"
EndProject
Project("{FAE04EC0-301F-11D3-BF4B-00C04F79EFBC}") = "BaseSource.Infrastructure.SQL.Query", "Src\2.Infrastructure\SQLQuery\BaseSource.Infrastructure.SQL.Query\BaseSource.Infrastructure.SQL.Query.csproj", "{8086BE5B-FC8F-4F4D-B3E0-984B56E5B657}"
EndProject
Project("{FAE04EC0-301F-11D3-BF4B-00C04F79EFBC}") = "BaseSource.EndPoint.WebApi", "Src\3.EndPoints\WebApi\BaseSource.EndPoint.WebApi\BaseSource.EndPoint.WebApi.csproj", "{04E7CD45-0243-44D6-925F-738918894B94}"
EndProject
Project("{FAE04EC0-301F-11D3-BF4B-00C04F79EFBC}") = "BaseSource.Kernel.Utilities", "Src\SharedKernel\Utilities\BaseSource.Kernel.Utilities\BaseSource.Kernel.Utilities.csproj", "{82681C7C-1534-4A8C-AA9E-3092E7F4A019}"
EndProject
Project("{FAE04EC0-301F-11D3-BF4B-00C04F79EFBC}") = "BaseSource.Kernel.WebServices", "Src\SharedKernel\WebService\BaseSource.Kernel.WebServices\BaseSource.Kernel.WebServices.csproj", "{C6E19A3F-97DB-44B5-8CBA-941308D558C6}"
EndProject
Project("{2150E333-8FDC-42A3-9474-1A3956D46DE8}") = "WebApp", "WebApp", "{D1749015-6DC0-48A3-9BB7-277362FD416D}"
EndProject
Project("{FAE04EC0-301F-11D3-BF4B-00C04F79EFBC}") = "BaseSource.EndPoint.WebApp", "Src\3.EndPoints\WebApp\BaseSource.EndPoint.WebApp\BaseSource.EndPoint.WebApp.csproj", "{8F23A399-B981-4206-A5B5-51843288B33B}"
EndProject
Project("{2150E333-8FDC-42A3-9474-1A3956D46DE8}") = "4.Tests", "4.Tests", "{6CE10F8D-AE7E-46DF-BD8C-C2AF38E290D2}"
EndProject
Project("{2150E333-8FDC-42A3-9474-1A3956D46DE8}") = "UnitTests", "UnitTests", "{16F79107-4933-490D-8B65-6A1915F364E9}"
EndProject
Project("{2150E333-8FDC-42A3-9474-1A3956D46DE8}") = "IntegrationTests", "IntegrationTests", "{1D4090C5-0C37-4C5A-8CA3-82A6C4ADE11F}"
EndProject
Project("{2150E333-8FDC-42A3-9474-1A3956D46DE8}") = "1", "1", "{14ACE2AA-BB3C-4ABC-A1D0-B26BF095A25B}"
EndProject
Project("{FAE04EC0-301F-11D3-BF4B-00C04F79EFBC}") = "BaseSource.Core.Application.IntegrationTests", "Src\4.Tests\IntegrationTests\1.Core\BaseSource.Core.Application.IntegrationTests\BaseSource.Core.Application.IntegrationTests.csproj", "{C09446E3-E885-463F-8A7E-D441D0D55A0A}"
EndProject
Project("{2150E333-8FDC-42A3-9474-1A3956D46DE8}") = "1", "1", "{F08100BC-EE85-42F3-8F0E-7A0E47C911B1}"
EndProject
Project("{FAE04EC0-301F-11D3-BF4B-00C04F79EFBC}") = "BaseSource.Core.Application.UnitTests", "Src\4.Tests\UnitTests\1.Core\BaseSource.Core.Application.UnitTests\BaseSource.Core.Application.UnitTests.csproj", "{439EC779-306A-4BEE-8ECF-7F4A7894CDE3}"
EndProject
Project("{2150E333-8FDC-42A3-9474-1A3956D46DE8}") = "Docs", "Docs", "{0887C5BB-F937-428A-8377-F27A81B043B7}"
EndProject
Global
	GlobalSection(SolutionConfigurationPlatforms) = preSolution
		Debug|Any CPU = Debug|Any CPU
		Release|Any CPU = Release|Any CPU
	EndGlobalSection
	GlobalSection(ProjectConfigurationPlatforms) = postSolution
		{07367CCD-33FE-4E78-9488-C0D429657112}.Debug|Any CPU.ActiveCfg = Debug|Any CPU
		{07367CCD-33FE-4E78-9488-C0D429657112}.Debug|Any CPU.Build.0 = Debug|Any CPU
		{07367CCD-33FE-4E78-9488-C0D429657112}.Release|Any CPU.ActiveCfg = Release|Any CPU
		{07367CCD-33FE-4E78-9488-C0D429657112}.Release|Any CPU.Build.0 = Release|Any CPU
		{3FC78001-C5F1-44DF-852A-A33DC50617C1}.Debug|Any CPU.ActiveCfg = Debug|Any CPU
		{3FC78001-C5F1-44DF-852A-A33DC50617C1}.Debug|Any CPU.Build.0 = Debug|Any CPU
		{3FC78001-C5F1-44DF-852A-A33DC50617C1}.Release|Any CPU.ActiveCfg = Release|Any CPU
		{3FC78001-C5F1-44DF-852A-A33DC50617C1}.Release|Any CPU.Build.0 = Release|Any CPU
		{E1204082-454B-45C5-8A1E-AD29A29EAB4D}.Debug|Any CPU.ActiveCfg = Debug|Any CPU
		{E1204082-454B-45C5-8A1E-AD29A29EAB4D}.Debug|Any CPU.Build.0 = Debug|Any CPU
		{E1204082-454B-45C5-8A1E-AD29A29EAB4D}.Release|Any CPU.ActiveCfg = Release|Any CPU
		{E1204082-454B-45C5-8A1E-AD29A29EAB4D}.Release|Any CPU.Build.0 = Release|Any CPU
		{9C79B5E0-4E61-48F4-9C65-151E8E187B41}.Debug|Any CPU.ActiveCfg = Debug|Any CPU
		{9C79B5E0-4E61-48F4-9C65-151E8E187B41}.Debug|Any CPU.Build.0 = Debug|Any CPU
		{9C79B5E0-4E61-48F4-9C65-151E8E187B41}.Release|Any CPU.ActiveCfg = Release|Any CPU
		{9C79B5E0-4E61-48F4-9C65-151E8E187B41}.Release|Any CPU.Build.0 = Release|Any CPU
		{8086BE5B-FC8F-4F4D-B3E0-984B56E5B657}.Debug|Any CPU.ActiveCfg = Debug|Any CPU
		{8086BE5B-FC8F-4F4D-B3E0-984B56E5B657}.Debug|Any CPU.Build.0 = Debug|Any CPU
		{8086BE5B-FC8F-4F4D-B3E0-984B56E5B657}.Release|Any CPU.ActiveCfg = Release|Any CPU
		{8086BE5B-FC8F-4F4D-B3E0-984B56E5B657}.Release|Any CPU.Build.0 = Release|Any CPU
		{04E7CD45-0243-44D6-925F-738918894B94}.Debug|Any CPU.ActiveCfg = Debug|Any CPU
		{04E7CD45-0243-44D6-925F-738918894B94}.Debug|Any CPU.Build.0 = Debug|Any CPU
		{04E7CD45-0243-44D6-925F-738918894B94}.Release|Any CPU.ActiveCfg = Release|Any CPU
		{04E7CD45-0243-44D6-925F-738918894B94}.Release|Any CPU.Build.0 = Release|Any CPU
		{82681C7C-1534-4A8C-AA9E-3092E7F4A019}.Debug|Any CPU.ActiveCfg = Debug|Any CPU
		{82681C7C-1534-4A8C-AA9E-3092E7F4A019}.Debug|Any CPU.Build.0 = Debug|Any CPU
		{82681C7C-1534-4A8C-AA9E-3092E7F4A019}.Release|Any CPU.ActiveCfg = Release|Any CPU
		{82681C7C-1534-4A8C-AA9E-3092E7F4A019}.Release|Any CPU.Build.0 = Release|Any CPU
		{C6E19A3F-97DB-44B5-8CBA-941308D558C6}.Debug|Any CPU.ActiveCfg = Debug|Any CPU
		{C6E19A3F-97DB-44B5-8CBA-941308D558C6}.Debug|Any CPU.Build.0 = Debug|Any CPU
		{C6E19A3F-97DB-44B5-8CBA-941308D558C6}.Release|Any CPU.ActiveCfg = Release|Any CPU
		{C6E19A3F-97DB-44B5-8CBA-941308D558C6}.Release|Any CPU.Build.0 = Release|Any CPU
		{8F23A399-B981-4206-A5B5-51843288B33B}.Debug|Any CPU.ActiveCfg = Debug|Any CPU
		{8F23A399-B981-4206-A5B5-51843288B33B}.Debug|Any CPU.Build.0 = Debug|Any CPU
		{8F23A399-B981-4206-A5B5-51843288B33B}.Release|Any CPU.ActiveCfg = Release|Any CPU
		{8F23A399-B981-4206-A5B5-51843288B33B}.Release|Any CPU.Build.0 = Release|Any CPU
		{C09446E3-E885-463F-8A7E-D441D0D55A0A}.Debug|Any CPU.ActiveCfg = Debug|Any CPU
		{C09446E3-E885-463F-8A7E-D441D0D55A0A}.Debug|Any CPU.Build.0 = Debug|Any CPU
		{C09446E3-E885-463F-8A7E-D441D0D55A0A}.Release|Any CPU.ActiveCfg = Release|Any CPU
		{C09446E3-E885-463F-8A7E-D441D0D55A0A}.Release|Any CPU.Build.0 = Release|Any CPU
		{439EC779-306A-4BEE-8ECF-7F4A7894CDE3}.Debug|Any CPU.ActiveCfg = Debug|Any CPU
		{439EC779-306A-4BEE-8ECF-7F4A7894CDE3}.Debug|Any CPU.Build.0 = Debug|Any CPU
		{439EC779-306A-4BEE-8ECF-7F4A7894CDE3}.Release|Any CPU.ActiveCfg = Release|Any CPU
		{439EC779-306A-4BEE-8ECF-7F4A7894CDE3}.Release|Any CPU.Build.0 = Release|Any CPU
	EndGlobalSection
	GlobalSection(SolutionProperties) = preSolution
		HideSolutionNode = FALSE
	EndGlobalSection
	GlobalSection(NestedProjects) = preSolution
		{9F482A4D-474B-4F18-9F7A-1FADAF120C77} = {02EA681E-C7D8-13C7-8484-4AC65E1B71E8}
		{7AF3A914-0820-446C-8D4A-C1C3414B4E65} = {02EA681E-C7D8-13C7-8484-4AC65E1B71E8}
		{89AEC641-F739-4BF5-BECE-2610742894D8} = {02EA681E-C7D8-13C7-8484-4AC65E1B71E8}
		{F1091450-3372-4A87-A807-1AD01A5B537D} = {02EA681E-C7D8-13C7-8484-4AC65E1B71E8}
		{8E0E1067-D6A6-4CB9-93C8-A919D8669C95} = {7AF3A914-0820-446C-8D4A-C1C3414B4E65}
		{40E78D05-9636-4795-8AAA-800FF2B597DB} = {7AF3A914-0820-446C-8D4A-C1C3414B4E65}
		{E82191C1-85E4-4F2C-A96B-B09C273DFBED} = {89AEC641-F739-4BF5-BECE-2610742894D8}
		{E2BF41CF-05A3-4688-9719-D4C8C9E9325A} = {89AEC641-F739-4BF5-BECE-2610742894D8}
		{226C26AE-AE00-481F-8903-E73BBC7D3261} = {89AEC641-F739-4BF5-BECE-2610742894D8}
		{F84DB966-3AAD-447B-B6EA-5556717566B6} = {F1091450-3372-4A87-A807-1AD01A5B537D}
		{BDEF7A38-2EED-40FB-8860-83BD149384DB} = {9F482A4D-474B-4F18-9F7A-1FADAF120C77}
		{FDBFF562-081B-4107-9C90-3135AF104B7F} = {9F482A4D-474B-4F18-9F7A-1FADAF120C77}
		{07367CCD-33FE-4E78-9488-C0D429657112} = {8E0E1067-D6A6-4CB9-93C8-A919D8669C95}
		{3FC78001-C5F1-44DF-852A-A33DC50617C1} = {40E78D05-9636-4795-8AAA-800FF2B597DB}
		{E1204082-454B-45C5-8A1E-AD29A29EAB4D} = {E82191C1-85E4-4F2C-A96B-B09C273DFBED}
		{9C79B5E0-4E61-48F4-9C65-151E8E187B41} = {E2BF41CF-05A3-4688-9719-D4C8C9E9325A}
		{8086BE5B-FC8F-4F4D-B3E0-984B56E5B657} = {226C26AE-AE00-481F-8903-E73BBC7D3261}
		{04E7CD45-0243-44D6-925F-738918894B94} = {F84DB966-3AAD-447B-B6EA-5556717566B6}
		{82681C7C-1534-4A8C-AA9E-3092E7F4A019} = {FDBFF562-081B-4107-9C90-3135AF104B7F}
		{C6E19A3F-97DB-44B5-8CBA-941308D558C6} = {BDEF7A38-2EED-40FB-8860-83BD149384DB}
		{D1749015-6DC0-48A3-9BB7-277362FD416D} = {F1091450-3372-4A87-A807-1AD01A5B537D}
		{8F23A399-B981-4206-A5B5-51843288B33B} = {D1749015-6DC0-48A3-9BB7-277362FD416D}
		{6CE10F8D-AE7E-46DF-BD8C-C2AF38E290D2} = {02EA681E-C7D8-13C7-8484-4AC65E1B71E8}
		{16F79107-4933-490D-8B65-6A1915F364E9} = {6CE10F8D-AE7E-46DF-BD8C-C2AF38E290D2}
		{1D4090C5-0C37-4C5A-8CA3-82A6C4ADE11F} = {6CE10F8D-AE7E-46DF-BD8C-C2AF38E290D2}
		{14ACE2AA-BB3C-4ABC-A1D0-B26BF095A25B} = {1D4090C5-0C37-4C5A-8CA3-82A6C4ADE11F}
		{C09446E3-E885-463F-8A7E-D441D0D55A0A} = {14ACE2AA-BB3C-4ABC-A1D0-B26BF095A25B}
		{F08100BC-EE85-42F3-8F0E-7A0E47C911B1} = {16F79107-4933-490D-8B65-6A1915F364E9}
		{439EC779-306A-4BEE-8ECF-7F4A7894CDE3} = {F08100BC-EE85-42F3-8F0E-7A0E47C911B1}
	EndGlobalSection
	GlobalSection(ExtensibilityGlobals) = postSolution
		SolutionGuid = {49BDF91F-DDCD-4DC3-B196-D98A9EB967CA}
	EndGlobalSection
EndGlobal
