
Microsoft Visual Studio Solution File, Format Version 12.00
# Visual Studio Version 17
VisualStudioVersion = 17.9.34714.143
MinimumVisualStudioVersion = 10.0.40219.1
Project("{2150E333-8FDC-42A3-9474-1A3956D46DE8}") = "Test", "Test", "{E9C0B027-D80B-447B-8484-21A5F425D227}"
EndProject
Project("{2150E333-8FDC-42A3-9474-1A3956D46DE8}") = "SRC", "SRC", "{EBB0FD4E-6BC7-415B-8428-DF1BD8CF8564}"
EndProject
Project("{2150E333-8FDC-42A3-9474-1A3956D46DE8}") = "Sample", "Sample", "{746CACC4-1D65-4DF7-94BE-ECB4AB39DB6C}"
EndProject
Project("{2150E333-8FDC-42A3-9474-1A3956D46DE8}") = "2.Core", "2.Core", "{7AFC0FD9-0B05-4F66-BAED-8093D8C0780E}"
EndProject
Project("{2150E333-8FDC-42A3-9474-1A3956D46DE8}") = "3.Infrastructure", "3.Infrastructure", "{AF7D35EB-7B95-41C4-BEBC-FDBFD214876E}"
EndProject
Project("{2150E333-8FDC-42A3-9474-1A3956D46DE8}") = "1.Utilities", "1.Utilities", "{873C1C91-F73B-444D-BCF6-CB0D2B24120E}"
EndProject
Project("{2150E333-8FDC-42A3-9474-1A3956D46DE8}") = "4.EndPoints", "4.EndPoints", "{B305C2F3-8F3B-4A4C-88BD-7C09DD3AB779}"
EndProject
Project("{9A19103F-16F7-4668-BE54-9A1E7A4F7556}") = "DDD.Utilities.Library", "SRC\1.Utilities\DDD.Utilities.Library\DDD.Utilities.Library.csproj", "{336D76DE-A2D6-4020-89D2-9A5C645CA93E}"
EndProject
Project("{9A19103F-16F7-4668-BE54-9A1E7A4F7556}") = "DDD.Core.ApplicationServices.Library", "SRC\2.Core\DDD.Core.ApplicationServices.Library\DDD.Core.ApplicationServices.Library.csproj", "{455D334D-20A1-4D99-B4CC-87ADF2B71443}"
EndProject
Project("{9A19103F-16F7-4668-BE54-9A1E7A4F7556}") = "DDD.Core.Contracts.Library", "SRC\2.Core\DDD.Core.Contracts.Library\DDD.Core.Contracts.Library.csproj", "{7CCC9658-1FCE-4C0A-8DD6-19E86C813106}"
EndProject
Project("{9A19103F-16F7-4668-BE54-9A1E7A4F7556}") = "DDD.Core.Domain.Library", "SRC\2.Core\DDD.Core.Domain.Library\DDD.Core.Domain.Library.csproj", "{9C32EFA5-CC0E-4536-97F1-51D8325666C8}"
EndProject
Project("{9A19103F-16F7-4668-BE54-9A1E7A4F7556}") = "DDD.Core.Domain.ToolKits.Library", "SRC\2.Core\DDD.Core.Domain.ToolKits.Library\DDD.Core.Domain.ToolKits.Library.csproj", "{20BC147E-32F4-4621-AA58-8A2180A6235C}"
EndProject
Project("{9A19103F-16F7-4668-BE54-9A1E7A4F7556}") = "DDD.Core.RequestResponse.Library", "SRC\2.Core\DDD.Core.RequestResponse.Library\DDD.Core.RequestResponse.Library.csproj", "{DA3D7E7B-5737-4438-8C16-D858EFB71D2D}"
EndProject
Project("{2150E333-8FDC-42A3-9474-1A3956D46DE8}") = "Data", "Data", "{C213A9A7-1EC6-4A7F-A74E-F011F3B3F967}"
EndProject
Project("{9A19103F-16F7-4668-BE54-9A1E7A4F7556}") = "DDD.EndPoints.Web.Library", "SRC\4.EndPoints\DDD.EndPoints.Web.Library\DDD.EndPoints.Web.Library.csproj", "{18D2DCF5-1304-4F2A-B895-72AB1B41C8AD}"
EndProject
Project("{2150E333-8FDC-42A3-9474-1A3956D46DE8}") = "1.Core", "1.Core", "{062D2AFF-45C1-426D-86A9-26C4B17CBD05}"
EndProject
Project("{2150E333-8FDC-42A3-9474-1A3956D46DE8}") = "2.Infrastructure", "2.Infrastructure", "{C73E1FFC-5634-4976-8C73-C9A2C28EFAF5}"
EndProject
Project("{2150E333-8FDC-42A3-9474-1A3956D46DE8}") = "3.EndPoints", "3.EndPoints", "{92BC6934-00B3-48EC-8F10-B716B3169119}"
EndProject
Project("{9A19103F-16F7-4668-BE54-9A1E7A4F7556}") = "MiniBlog.Core.Domain", "Sample\1.Core\MiniBlog.Core.Domain\MiniBlog.Core.Domain.csproj", "{0CDC0A67-3185-41D7-8614-871C38F60A36}"
EndProject
Project("{9A19103F-16F7-4668-BE54-9A1E7A4F7556}") = "MiniBlog.Core.Contracts", "Sample\1.Core\MiniBlog.Core.Contracts\MiniBlog.Core.Contracts.csproj", "{67980CDE-9950-4946-A8BA-B2E4943AE997}"
EndProject
Project("{9A19103F-16F7-4668-BE54-9A1E7A4F7556}") = "MiniBlog.Core.ApplicationServices", "Sample\1.Core\MiniBlog.Core.ApplicationServices\MiniBlog.Core.ApplicationServices.csproj", "{A8CDE3B1-639A-453A-B714-7C0E134FC727}"
EndProject
Project("{9A19103F-16F7-4668-BE54-9A1E7A4F7556}") = "MiniBlog.Core.RequestResponse", "Sample\1.Core\MiniBlog.Core.RequestResponse\MiniBlog.Core.RequestResponse.csproj", "{A2C843AC-7739-46B7-B11A-5BADE0164BA8}"
EndProject
Project("{2150E333-8FDC-42A3-9474-1A3956D46DE8}") = "Data", "Data", "{579EEAB6-75A7-4C8C-91B6-198B135FBEF5}"
EndProject
Project("{9A19103F-16F7-4668-BE54-9A1E7A4F7556}") = "MiniBlog.Infrastructure.Data.Sql.Commands", "Sample\2.Infrastructure\Data\MiniBlog.Infrastructure.Data.Sql.Commands\MiniBlog.Infrastructure.Data.Sql.Commands.csproj", "{C4FF3320-959C-4579-BE99-FE678D7A4E3B}"
EndProject
Project("{9A19103F-16F7-4668-BE54-9A1E7A4F7556}") = "MiniBlog.Infrastructure.Data.Sql.Queries", "Sample\2.Infrastructure\Data\MiniBlog.Infrastructure.Data.Sql.Queries\MiniBlog.Infrastructure.Data.Sql.Queries.csproj", "{70F7736E-0E4D-42C1-83CA-15419C7F4D57}"
EndProject
Project("{9A19103F-16F7-4668-BE54-9A1E7A4F7556}") = "MiniBlog.EndPoints.API", "Sample\3.EndPoints\MiniBlog.EndPoints.API\MiniBlog.EndPoints.API.csproj", "{861DE20E-9231-467E-BA66-1C8EC606694E}"
EndProject
Project("{2150E333-8FDC-42A3-9474-1A3956D46DE8}") = "SharedKernel", "SharedKernel", "{60240CE1-4A0E-4A36-A38F-E246358430CF}"
EndProject
Project("{2150E333-8FDC-42A3-9474-1A3956D46DE8}") = "Extensions.Abstractions", "Extensions.Abstractions", "{A6010E53-BBA9-491A-A198-7729A1289B38}"
EndProject
Project("{9A19103F-16F7-4668-BE54-9A1E7A4F7556}") = "Extensions.ChangeDataLog.Abstractions", "SharedKernel\Extensions.Abstractions\Extensions.ChangeDataLog.Abstractions\Extensions.ChangeDataLog.Abstractions.csproj", "{58CCF722-DE43-41C3-9BB8-FB4AEF7A4FD3}"
EndProject
Project("{9A19103F-16F7-4668-BE54-9A1E7A4F7556}") = "Extensions.DependencyInjection.Abstractions", "SharedKernel\Extensions.Abstractions\Extensions.DependencyInjection.Abstractions\Extensions.DependencyInjection.Abstractions.csproj", "{01A49F02-142D-4339-A8DB-4DDF8AB05E29}"
EndProject
Project("{9A19103F-16F7-4668-BE54-9A1E7A4F7556}") = "Extensions.Events.Abstractions", "SharedKernel\Extensions.Abstractions\Extensions.Events.Abstractions\Extensions.Events.Abstractions.csproj", "{1F6C8B44-6543-47A4-AC56-494836ABE6CA}"
EndProject
Project("{9A19103F-16F7-4668-BE54-9A1E7A4F7556}") = "Extensions.Logger.Abstractions", "SharedKernel\Extensions.Abstractions\Extensions.Logger.Abstractions\Extensions.Logger.Abstractions.csproj", "{0435594C-B2D2-4DFC-8DA9-A7FB8899849B}"
EndProject
Project("{9A19103F-16F7-4668-BE54-9A1E7A4F7556}") = "Extensions.MessageBus.Abstractions", "SharedKernel\Extensions.Abstractions\Extensions.MessageBus.Abstractions\Extensions.MessageBus.Abstractions.csproj", "{659E4065-EEA7-4508-87B7-9B78A67F48F7}"
EndProject
Project("{9A19103F-16F7-4668-BE54-9A1E7A4F7556}") = "Extensions.ObjectMappers.Abstractions", "SharedKernel\Extensions.Abstractions\Extensions.ObjectMappers.Abstractions\Extensions.ObjectMappers.Abstractions.csproj", "{31B6FF70-C46F-47CD-95B5-91424B4AF632}"
EndProject
Project("{9A19103F-16F7-4668-BE54-9A1E7A4F7556}") = "Extensions.Serializers.Abstractions", "SharedKernel\Extensions.Abstractions\Extensions.Serializers.Abstractions\Extensions.Serializers.Abstractions.csproj", "{9B13910E-D356-464D-9C8F-8A7F01E6D508}"
EndProject
Project("{9A19103F-16F7-4668-BE54-9A1E7A4F7556}") = "Extensions.Translations.Abstractions", "SharedKernel\Extensions.Abstractions\Extensions.Translations.Abstractions\Extensions.Translations.Abstractions.csproj", "{73B5ABC1-946A-499B-85F4-FA02ED09A85F}"
EndProject
Project("{9A19103F-16F7-4668-BE54-9A1E7A4F7556}") = "Extensions.UsersManagement.Abstractions", "SharedKernel\Extensions.Abstractions\Extensions.UsersManagement.Abstractions\Extensions.UsersManagement.Abstractions.csproj", "{9EC506FF-34D6-404E-94D0-E88E4A83E4C9}"
EndProject
Project("{2150E333-8FDC-42A3-9474-1A3956D46DE8}") = "Extensions", "Extensions", "{52155322-0ED9-482B-8EC4-B96393CE95A3}"
EndProject
Project("{2150E333-8FDC-42A3-9474-1A3956D46DE8}") = "Caching", "Caching", "{43B424ED-201F-4E40-B300-49E57E70C192}"
EndProject
Project("{9A19103F-16F7-4668-BE54-9A1E7A4F7556}") = "Extensions.Caching.Distributed.Redis", "SharedKernel\Extensions\Caching\Extensions.Caching.Distributed.Redis\Extensions.Caching.Distributed.Redis.csproj", "{5DAA37B7-CF4C-4435-BCCB-D507E22CD89B}"
EndProject
Project("{9A19103F-16F7-4668-BE54-9A1E7A4F7556}") = "Extensions.Caching.Distributed.Sql", "SharedKernel\Extensions\Caching\Extensions.Caching.Distributed.Sql\Extensions.Caching.Distributed.Sql.csproj", "{7D479560-CEC3-41A7-B6D2-E5FD764313CE}"
EndProject
Project("{2150E333-8FDC-42A3-9474-1A3956D46DE8}") = "Databases", "Databases", "{4217F67F-F59A-4DCB-ABCA-A3EBC9BF8092}"
EndProject
Project("{2150E333-8FDC-42A3-9474-1A3956D46DE8}") = "DependencyInjection", "DependencyInjection", "{0AD112DC-1B3F-4185-80E8-4D93466F4771}"
EndProject
Project("{9A19103F-16F7-4668-BE54-9A1E7A4F7556}") = "Extensions.DependencyInjection", "SharedKernel\Extensions\DependencyInjection\Extensions.DependencyInjection\Extensions.DependencyInjection.csproj", "{D1DF8E7C-430F-4600-9994-E6D500911B8A}"
EndProject
Project("{2150E333-8FDC-42A3-9474-1A3956D46DE8}") = "Events", "Events", "{026744E2-44DD-4BC1-9FC7-7B15271D2838}"
EndProject
Project("{9A19103F-16F7-4668-BE54-9A1E7A4F7556}") = "Extensions.Events.Outbox", "SharedKernel\Extensions\Events\Extensions.Events.Outbox\Extensions.Events.Outbox.csproj", "{8564C31B-FD5B-4968-BD9E-3BD05E7E3698}"
EndProject
Project("{9A19103F-16F7-4668-BE54-9A1E7A4F7556}") = "Extensions.Events.PollingPublisher", "SharedKernel\Extensions\Events\Extensions.Events.PollingPublisher\Extensions.Events.PollingPublisher.csproj", "{F2441263-33C6-4522-8B43-A6B7787AF53B}"
EndProject
Project("{2150E333-8FDC-42A3-9474-1A3956D46DE8}") = "MessageBus", "MessageBus", "{6E48574E-87AD-4379-BA41-E0DCC8E4B524}"
EndProject
Project("{9A19103F-16F7-4668-BE54-9A1E7A4F7556}") = "Extensions.MessageBus.RabbitMQ", "SharedKernel\Extensions\MessageBus\Extensions.MessageBus.RabbitMQ\Extensions.MessageBus.RabbitMQ.csproj", "{F393DECE-95D9-4D06-8388-F0C76A9001A4}"
EndProject
Project("{2150E333-8FDC-42A3-9474-1A3956D46DE8}") = "ObjectMappers", "ObjectMappers", "{40555532-28F3-4CBB-BF69-4F5BE1D7F438}"
EndProject
Project("{9A19103F-16F7-4668-BE54-9A1E7A4F7556}") = "Extensions.ObjectMappers.AutoMapper", "SharedKernel\Extensions\ObjectMappers\Extensions.ObjectMappers.AutoMapper\Extensions.ObjectMappers.AutoMapper.csproj", "{8ADE9BBB-7D4B-4AF0-8198-EF7467AB03C2}"
EndProject
Project("{2150E333-8FDC-42A3-9474-1A3956D46DE8}") = "Serializers", "Serializers", "{4846305B-7532-4DD5-B3DB-7354A3B89A88}"
EndProject
Project("{9A19103F-16F7-4668-BE54-9A1E7A4F7556}") = "Extensions.Serializers.EPPlus", "SharedKernel\Extensions\Serializers\Extensions.Serializers.EPPlus\Extensions.Serializers.EPPlus.csproj", "{EE9277EA-D248-4DDC-9690-128535B7E755}"
EndProject
Project("{9A19103F-16F7-4668-BE54-9A1E7A4F7556}") = "Extensions.Serializers.NewtonSoft", "SharedKernel\Extensions\Serializers\Extensions.Serializers.NewtonSoft\Extensions.Serializers.NewtonSoft.csproj", "{5985630C-24D1-4C4C-9D12-DF25CCF7988F}"
EndProject
Project("{2150E333-8FDC-42A3-9474-1A3956D46DE8}") = "Translations", "Translations", "{EE88ADCF-B5E0-4D09-879D-C8F3E8583FF7}"
EndProject
Project("{9A19103F-16F7-4668-BE54-9A1E7A4F7556}") = "Extensions.Translations.Parrot", "SharedKernel\Extensions\Translations\Extensions.Translations.Parrot\Extensions.Translations.Parrot.csproj", "{1734FDA6-F4F0-4B95-BFEC-6423B6CE918D}"
EndProject
Project("{2150E333-8FDC-42A3-9474-1A3956D46DE8}") = "UsersManagement", "UsersManagement", "{B4BECDE5-DD60-4B48-9BD0-0AE3296F1A8E}"
EndProject
Project("{9A19103F-16F7-4668-BE54-9A1E7A4F7556}") = "Extensions.UsersManagement", "SharedKernel\Extensions\UsersManagement\Extensions.UsersManagement\Extensions.UsersManagement.csproj", "{C9251ECF-AA7E-4C47-B9F4-E214E2DB19FB}"
EndProject
Project("{2150E333-8FDC-42A3-9474-1A3956D46DE8}") = "Utilities", "Utilities", "{835D1512-CF76-48BB-B754-96E5467D80C5}"
EndProject
Project("{2150E333-8FDC-42A3-9474-1A3956D46DE8}") = "Auth", "Auth", "{0F099DB0-74AF-42C8-AE18-34F1DCDFDF12}"
EndProject
Project("{9A19103F-16F7-4668-BE54-9A1E7A4F7556}") = "ApiAuthentication", "SharedKernel\Utilities\Auth\ApiAuthentication\ApiAuthentication.csproj", "{5CE92353-F7FA-487B-B48E-5D58569CF098}"
EndProject
Project("{2150E333-8FDC-42A3-9474-1A3956D46DE8}") = "OpenTelemetryRegistration", "OpenTelemetryRegistration", "{4C3CE66F-1136-40BB-B124-1BDC0EF5C178}"
EndProject
Project("{9A19103F-16F7-4668-BE54-9A1E7A4F7556}") = "OpenTelemetryRegistration", "SharedKernel\Utilities\OpenTelemetryRegistration\OpenTelemetryRegistration.csproj", "{02ADD3A8-59CC-43CB-8881-6AEEA0DDE173}"
EndProject
Project("{2150E333-8FDC-42A3-9474-1A3956D46DE8}") = "SerilogRegistration", "SerilogRegistration", "{0980CB26-F227-4B10-A61E-84F24D23F07C}"
EndProject
Project("{9A19103F-16F7-4668-BE54-9A1E7A4F7556}") = "SerilogRegistration", "SharedKernel\Utilities\SerilogRegistration\SerilogRegistration.csproj", "{6BAF5A62-57F0-45F2-871D-2D83B624BB11}"
EndProject
Project("{2150E333-8FDC-42A3-9474-1A3956D46DE8}") = "SoftwarePartDetector", "SoftwarePartDetector", "{48ECB2C1-5A20-45EB-8B2C-36561BBA589E}"
EndProject
Project("{9A19103F-16F7-4668-BE54-9A1E7A4F7556}") = "Utilities.SoftwarepartDetector", "SharedKernel\Utilities\SoftwarePartDetector\Utilities.SoftwarepartDetector\Utilities.SoftwarepartDetector.csproj", "{0EB09283-AFBB-408B-909C-619C5C56CA84}"
EndProject
Project("{2150E333-8FDC-42A3-9474-1A3956D46DE8}") = "Swagger", "Swagger", "{2A01BA43-615B-49BC-B216-E8069B63CE11}"
EndProject
Project("{9A19103F-16F7-4668-BE54-9A1E7A4F7556}") = "Registration", "SharedKernel\Utilities\Swagger\Registration\Registration.csproj", "{65C8841E-8CCB-4D6A-9812-3E749E4A0A5A}"
EndProject
Project("{9A19103F-16F7-4668-BE54-9A1E7A4F7556}") = "Extensions.Caching.Abstractions", "SharedKernel\Extensions.Abstractions\Extensions.Caching.Abstractions\Extensions.Caching.Abstractions.csproj", "{A270E9E4-A74F-464B-AA31-D281E19CFA20}"
EndProject
Project("{2150E333-8FDC-42A3-9474-1A3956D46DE8}") = "ChangeDataLog", "ChangeDataLog", "{11108C4D-CC38-4166-9529-E6412488158B}"
EndProject
Project("{9A19103F-16F7-4668-BE54-9A1E7A4F7556}") = "Extensions.ChangeDataLog.Sql", "SharedKernel\Extensions\Databases\ChangeDataLog\Extensions.ChangeDataLog.Sql\Extensions.ChangeDataLog.Sql.csproj", "{766C4D96-2D72-4DCD-9AA2-15974E63FF16}"
EndProject
Project("{9A19103F-16F7-4668-BE54-9A1E7A4F7556}") = "Extensions.ChangeDataLog.Hamster", "SharedKernel\Extensions\Databases\ChangeDataLog\Extensions.ChangeDataLog.Hamster\Extensions.ChangeDataLog.Hamster.csproj", "{FD3C2D7D-CB5D-4378-A21A-AC04AB192442}"
EndProject
Project("{9A19103F-16F7-4668-BE54-9A1E7A4F7556}") = "DDD.Infra.Data.Sql.Library", "SRC\3.Infrastructure\Data\DDD.Infra.Data.Sql.Library\DDD.Infra.Data.Sql.Library.csproj", "{FF60DD5F-E468-4A17-B6FA-615E6C0DFD60}"
EndProject
Project("{9A19103F-16F7-4668-BE54-9A1E7A4F7556}") = "DDD.Infra.Data.Sql.Commands.Library", "SRC\3.Infrastructure\Data\DDD.Infra.Data.Sql.Commands.Library\DDD.Infra.Data.Sql.Commands.Library.csproj", "{585AB07D-2C80-4A3D-9ADC-EA9825B1177F}"
EndProject
Project("{9A19103F-16F7-4668-BE54-9A1E7A4F7556}") = "DDD.Infra.Data.Sql.Queries.Library", "SRC\3.Infrastructure\Data\DDD.Infra.Data.Sql.Queries.Library\DDD.Infra.Data.Sql.Queries.Library.csproj", "{6A0E8764-A1BD-4F3D-BD57-7D86296CCF67}"
EndProject
Project("{2150E333-8FDC-42A3-9474-1A3956D46DE8}") = "MessageInbox", "MessageInbox", "{FFB6D25F-EF32-4E01-AB94-5974ADE2BBD6}"
EndProject
Project("{9A19103F-16F7-4668-BE54-9A1E7A4F7556}") = "Extensions.MessageBus.MessageInbox", "SharedKernel\Extensions\MessageBus\MessageInbox\Extensions.MessageBus.MessageInbox\Extensions.MessageBus.MessageInbox.csproj", "{B243EA2A-9F4A-4AFA-8ABD-F06F886B991E}"
EndProject
Project("{9A19103F-16F7-4668-BE54-9A1E7A4F7556}") = "Extensions.MessageBus.MessageInbox.Dal.Dapper", "SharedKernel\Extensions\MessageBus\MessageInbox\Extensions.MessageBus.MessageInbox.Dal.Dapper\Extensions.MessageBus.MessageInbox.Dal.Dapper.csproj", "{92D1CA31-35EE-43ED-A196-9AE059AD6EE2}"
EndProject
Project("{9A19103F-16F7-4668-BE54-9A1E7A4F7556}") = "Extensions.Serializers.Microsoft", "SharedKernel\Extensions\Serializers\Extensions.Serializers.Microsoft\Extensions.Serializers.Microsoft.csproj", "{216245F8-4B00-4B28-B795-CB1310FB7D2A}"
EndProject
Project("{9A19103F-16F7-4668-BE54-9A1E7A4F7556}") = "Extensions.Caching.InMemory", "SharedKernel\Extensions\Caching\Extensions.Caching.InMemory\Extensions.Caching.InMemory.csproj", "{1C8D0CDB-9BD3-48F8-9C6E-6F4B7019DF91}"
EndProject
Project("{2150E333-8FDC-42A3-9474-1A3956D46DE8}") = "1.Core.Tests", "1.Core.Tests", "{9FD16C3C-ADB8-4054-821B-D065D678A5BE}"
EndProject
Project("{2150E333-8FDC-42A3-9474-1A3956D46DE8}") = "2.Infrastructure.Tests", "2.Infrastructure.Tests", "{64CE501A-A493-44DF-BA66-4EF9E695D837}"
EndProject
Project("{2150E333-8FDC-42A3-9474-1A3956D46DE8}") = "3.EndPoints.Tests", "3.EndPoints.Tests", "{DFCC800F-891B-4F97-AF82-56BA7CDAD6C9}"
EndProject
Project("{9A19103F-16F7-4668-BE54-9A1E7A4F7556}") = "BaseTest.Domain", "Test\1.Core.Tests\BaseTest.Domain\BaseTest.Domain.csproj", "{37538834-CE66-46C9-AF86-F25C17EDA934}"
EndProject
Project("{9A19103F-16F7-4668-BE54-9A1E7A4F7556}") = "BaseTest.DataCommands", "Test\2.Infrastructure.Tests\BaseTest.DataCommands\BaseTest.DataCommands.csproj", "{33C9ECF8-4338-4D9C-A15B-3B1137828C02}"
EndProject
Project("{9A19103F-16F7-4668-BE54-9A1E7A4F7556}") = "BaseTest.EndPoints", "Test\3.EndPoints.Tests\BaseTest.EndPoints\BaseTest.EndPoints.csproj", "{3B6EE4BF-AA0F-4601-8C16-9EC2718C6DE4}"
EndProject
Project("{FAE04EC0-301F-11D3-BF4B-00C04F79EFBC}") = "Extensions.Events.PollingPublisher.Dal.Dapper", "SharedKernel\Extensions\Events\Extensions.Events.PollingPublisher.Dal.Dapper\Extensions.Events.PollingPublisher.Dal.Dapper.csproj", "{589C1AD9-5EEC-46F9-A470-C1DBE8893D38}"
EndProject
Global
	GlobalSection(SolutionConfigurationPlatforms) = preSolution
		Debug|Any CPU = Debug|Any CPU
		Release|Any CPU = Release|Any CPU
	EndGlobalSection
	GlobalSection(ProjectConfigurationPlatforms) = postSolution
		{336D76DE-A2D6-4020-89D2-9A5C645CA93E}.Debug|Any CPU.ActiveCfg = Debug|Any CPU
		{336D76DE-A2D6-4020-89D2-9A5C645CA93E}.Debug|Any CPU.Build.0 = Debug|Any CPU
		{336D76DE-A2D6-4020-89D2-9A5C645CA93E}.Release|Any CPU.ActiveCfg = Release|Any CPU
		{336D76DE-A2D6-4020-89D2-9A5C645CA93E}.Release|Any CPU.Build.0 = Release|Any CPU
		{455D334D-20A1-4D99-B4CC-87ADF2B71443}.Debug|Any CPU.ActiveCfg = Debug|Any CPU
		{455D334D-20A1-4D99-B4CC-87ADF2B71443}.Debug|Any CPU.Build.0 = Debug|Any CPU
		{455D334D-20A1-4D99-B4CC-87ADF2B71443}.Release|Any CPU.ActiveCfg = Release|Any CPU
		{455D334D-20A1-4D99-B4CC-87ADF2B71443}.Release|Any CPU.Build.0 = Release|Any CPU
		{7CCC9658-1FCE-4C0A-8DD6-19E86C813106}.Debug|Any CPU.ActiveCfg = Debug|Any CPU
		{7CCC9658-1FCE-4C0A-8DD6-19E86C813106}.Debug|Any CPU.Build.0 = Debug|Any CPU
		{7CCC9658-1FCE-4C0A-8DD6-19E86C813106}.Release|Any CPU.ActiveCfg = Release|Any CPU
		{7CCC9658-1FCE-4C0A-8DD6-19E86C813106}.Release|Any CPU.Build.0 = Release|Any CPU
		{9C32EFA5-CC0E-4536-97F1-51D8325666C8}.Debug|Any CPU.ActiveCfg = Debug|Any CPU
		{9C32EFA5-CC0E-4536-97F1-51D8325666C8}.Debug|Any CPU.Build.0 = Debug|Any CPU
		{9C32EFA5-CC0E-4536-97F1-51D8325666C8}.Release|Any CPU.ActiveCfg = Release|Any CPU
		{9C32EFA5-CC0E-4536-97F1-51D8325666C8}.Release|Any CPU.Build.0 = Release|Any CPU
		{20BC147E-32F4-4621-AA58-8A2180A6235C}.Debug|Any CPU.ActiveCfg = Debug|Any CPU
		{20BC147E-32F4-4621-AA58-8A2180A6235C}.Debug|Any CPU.Build.0 = Debug|Any CPU
		{20BC147E-32F4-4621-AA58-8A2180A6235C}.Release|Any CPU.ActiveCfg = Release|Any CPU
		{20BC147E-32F4-4621-AA58-8A2180A6235C}.Release|Any CPU.Build.0 = Release|Any CPU
		{DA3D7E7B-5737-4438-8C16-D858EFB71D2D}.Debug|Any CPU.ActiveCfg = Debug|Any CPU
		{DA3D7E7B-5737-4438-8C16-D858EFB71D2D}.Debug|Any CPU.Build.0 = Debug|Any CPU
		{DA3D7E7B-5737-4438-8C16-D858EFB71D2D}.Release|Any CPU.ActiveCfg = Release|Any CPU
		{DA3D7E7B-5737-4438-8C16-D858EFB71D2D}.Release|Any CPU.Build.0 = Release|Any CPU
		{18D2DCF5-1304-4F2A-B895-72AB1B41C8AD}.Debug|Any CPU.ActiveCfg = Debug|Any CPU
		{18D2DCF5-1304-4F2A-B895-72AB1B41C8AD}.Debug|Any CPU.Build.0 = Debug|Any CPU
		{18D2DCF5-1304-4F2A-B895-72AB1B41C8AD}.Release|Any CPU.ActiveCfg = Release|Any CPU
		{18D2DCF5-1304-4F2A-B895-72AB1B41C8AD}.Release|Any CPU.Build.0 = Release|Any CPU
		{0CDC0A67-3185-41D7-8614-871C38F60A36}.Debug|Any CPU.ActiveCfg = Debug|Any CPU
		{0CDC0A67-3185-41D7-8614-871C38F60A36}.Debug|Any CPU.Build.0 = Debug|Any CPU
		{0CDC0A67-3185-41D7-8614-871C38F60A36}.Release|Any CPU.ActiveCfg = Release|Any CPU
		{0CDC0A67-3185-41D7-8614-871C38F60A36}.Release|Any CPU.Build.0 = Release|Any CPU
		{67980CDE-9950-4946-A8BA-B2E4943AE997}.Debug|Any CPU.ActiveCfg = Debug|Any CPU
		{67980CDE-9950-4946-A8BA-B2E4943AE997}.Debug|Any CPU.Build.0 = Debug|Any CPU
		{67980CDE-9950-4946-A8BA-B2E4943AE997}.Release|Any CPU.ActiveCfg = Release|Any CPU
		{67980CDE-9950-4946-A8BA-B2E4943AE997}.Release|Any CPU.Build.0 = Release|Any CPU
		{A8CDE3B1-639A-453A-B714-7C0E134FC727}.Debug|Any CPU.ActiveCfg = Debug|Any CPU
		{A8CDE3B1-639A-453A-B714-7C0E134FC727}.Debug|Any CPU.Build.0 = Debug|Any CPU
		{A8CDE3B1-639A-453A-B714-7C0E134FC727}.Release|Any CPU.ActiveCfg = Release|Any CPU
		{A8CDE3B1-639A-453A-B714-7C0E134FC727}.Release|Any CPU.Build.0 = Release|Any CPU
		{A2C843AC-7739-46B7-B11A-5BADE0164BA8}.Debug|Any CPU.ActiveCfg = Debug|Any CPU
		{A2C843AC-7739-46B7-B11A-5BADE0164BA8}.Debug|Any CPU.Build.0 = Debug|Any CPU
		{A2C843AC-7739-46B7-B11A-5BADE0164BA8}.Release|Any CPU.ActiveCfg = Release|Any CPU
		{A2C843AC-7739-46B7-B11A-5BADE0164BA8}.Release|Any CPU.Build.0 = Release|Any CPU
		{C4FF3320-959C-4579-BE99-FE678D7A4E3B}.Debug|Any CPU.ActiveCfg = Debug|Any CPU
		{C4FF3320-959C-4579-BE99-FE678D7A4E3B}.Debug|Any CPU.Build.0 = Debug|Any CPU
		{C4FF3320-959C-4579-BE99-FE678D7A4E3B}.Release|Any CPU.ActiveCfg = Release|Any CPU
		{C4FF3320-959C-4579-BE99-FE678D7A4E3B}.Release|Any CPU.Build.0 = Release|Any CPU
		{70F7736E-0E4D-42C1-83CA-15419C7F4D57}.Debug|Any CPU.ActiveCfg = Debug|Any CPU
		{70F7736E-0E4D-42C1-83CA-15419C7F4D57}.Debug|Any CPU.Build.0 = Debug|Any CPU
		{70F7736E-0E4D-42C1-83CA-15419C7F4D57}.Release|Any CPU.ActiveCfg = Release|Any CPU
		{70F7736E-0E4D-42C1-83CA-15419C7F4D57}.Release|Any CPU.Build.0 = Release|Any CPU
		{861DE20E-9231-467E-BA66-1C8EC606694E}.Debug|Any CPU.ActiveCfg = Debug|Any CPU
		{861DE20E-9231-467E-BA66-1C8EC606694E}.Debug|Any CPU.Build.0 = Debug|Any CPU
		{861DE20E-9231-467E-BA66-1C8EC606694E}.Release|Any CPU.ActiveCfg = Release|Any CPU
		{861DE20E-9231-467E-BA66-1C8EC606694E}.Release|Any CPU.Build.0 = Release|Any CPU
		{58CCF722-DE43-41C3-9BB8-FB4AEF7A4FD3}.Debug|Any CPU.ActiveCfg = Debug|Any CPU
		{58CCF722-DE43-41C3-9BB8-FB4AEF7A4FD3}.Debug|Any CPU.Build.0 = Debug|Any CPU
		{58CCF722-DE43-41C3-9BB8-FB4AEF7A4FD3}.Release|Any CPU.ActiveCfg = Release|Any CPU
		{58CCF722-DE43-41C3-9BB8-FB4AEF7A4FD3}.Release|Any CPU.Build.0 = Release|Any CPU
		{01A49F02-142D-4339-A8DB-4DDF8AB05E29}.Debug|Any CPU.ActiveCfg = Debug|Any CPU
		{01A49F02-142D-4339-A8DB-4DDF8AB05E29}.Debug|Any CPU.Build.0 = Debug|Any CPU
		{01A49F02-142D-4339-A8DB-4DDF8AB05E29}.Release|Any CPU.ActiveCfg = Release|Any CPU
		{01A49F02-142D-4339-A8DB-4DDF8AB05E29}.Release|Any CPU.Build.0 = Release|Any CPU
		{1F6C8B44-6543-47A4-AC56-494836ABE6CA}.Debug|Any CPU.ActiveCfg = Debug|Any CPU
		{1F6C8B44-6543-47A4-AC56-494836ABE6CA}.Debug|Any CPU.Build.0 = Debug|Any CPU
		{1F6C8B44-6543-47A4-AC56-494836ABE6CA}.Release|Any CPU.ActiveCfg = Release|Any CPU
		{1F6C8B44-6543-47A4-AC56-494836ABE6CA}.Release|Any CPU.Build.0 = Release|Any CPU
		{0435594C-B2D2-4DFC-8DA9-A7FB8899849B}.Debug|Any CPU.ActiveCfg = Debug|Any CPU
		{0435594C-B2D2-4DFC-8DA9-A7FB8899849B}.Debug|Any CPU.Build.0 = Debug|Any CPU
		{0435594C-B2D2-4DFC-8DA9-A7FB8899849B}.Release|Any CPU.ActiveCfg = Release|Any CPU
		{0435594C-B2D2-4DFC-8DA9-A7FB8899849B}.Release|Any CPU.Build.0 = Release|Any CPU
		{659E4065-EEA7-4508-87B7-9B78A67F48F7}.Debug|Any CPU.ActiveCfg = Debug|Any CPU
		{659E4065-EEA7-4508-87B7-9B78A67F48F7}.Debug|Any CPU.Build.0 = Debug|Any CPU
		{659E4065-EEA7-4508-87B7-9B78A67F48F7}.Release|Any CPU.ActiveCfg = Release|Any CPU
		{659E4065-EEA7-4508-87B7-9B78A67F48F7}.Release|Any CPU.Build.0 = Release|Any CPU
		{31B6FF70-C46F-47CD-95B5-91424B4AF632}.Debug|Any CPU.ActiveCfg = Debug|Any CPU
		{31B6FF70-C46F-47CD-95B5-91424B4AF632}.Debug|Any CPU.Build.0 = Debug|Any CPU
		{31B6FF70-C46F-47CD-95B5-91424B4AF632}.Release|Any CPU.ActiveCfg = Release|Any CPU
		{31B6FF70-C46F-47CD-95B5-91424B4AF632}.Release|Any CPU.Build.0 = Release|Any CPU
		{9B13910E-D356-464D-9C8F-8A7F01E6D508}.Debug|Any CPU.ActiveCfg = Debug|Any CPU
		{9B13910E-D356-464D-9C8F-8A7F01E6D508}.Debug|Any CPU.Build.0 = Debug|Any CPU
		{9B13910E-D356-464D-9C8F-8A7F01E6D508}.Release|Any CPU.ActiveCfg = Release|Any CPU
		{9B13910E-D356-464D-9C8F-8A7F01E6D508}.Release|Any CPU.Build.0 = Release|Any CPU
		{73B5ABC1-946A-499B-85F4-FA02ED09A85F}.Debug|Any CPU.ActiveCfg = Debug|Any CPU
		{73B5ABC1-946A-499B-85F4-FA02ED09A85F}.Debug|Any CPU.Build.0 = Debug|Any CPU
		{73B5ABC1-946A-499B-85F4-FA02ED09A85F}.Release|Any CPU.ActiveCfg = Release|Any CPU
		{73B5ABC1-946A-499B-85F4-FA02ED09A85F}.Release|Any CPU.Build.0 = Release|Any CPU
		{9EC506FF-34D6-404E-94D0-E88E4A83E4C9}.Debug|Any CPU.ActiveCfg = Debug|Any CPU
		{9EC506FF-34D6-404E-94D0-E88E4A83E4C9}.Debug|Any CPU.Build.0 = Debug|Any CPU
		{9EC506FF-34D6-404E-94D0-E88E4A83E4C9}.Release|Any CPU.ActiveCfg = Release|Any CPU
		{9EC506FF-34D6-404E-94D0-E88E4A83E4C9}.Release|Any CPU.Build.0 = Release|Any CPU
		{5DAA37B7-CF4C-4435-BCCB-D507E22CD89B}.Debug|Any CPU.ActiveCfg = Debug|Any CPU
		{5DAA37B7-CF4C-4435-BCCB-D507E22CD89B}.Debug|Any CPU.Build.0 = Debug|Any CPU
		{5DAA37B7-CF4C-4435-BCCB-D507E22CD89B}.Release|Any CPU.ActiveCfg = Release|Any CPU
		{5DAA37B7-CF4C-4435-BCCB-D507E22CD89B}.Release|Any CPU.Build.0 = Release|Any CPU
		{7D479560-CEC3-41A7-B6D2-E5FD764313CE}.Debug|Any CPU.ActiveCfg = Debug|Any CPU
		{7D479560-CEC3-41A7-B6D2-E5FD764313CE}.Debug|Any CPU.Build.0 = Debug|Any CPU
		{7D479560-CEC3-41A7-B6D2-E5FD764313CE}.Release|Any CPU.ActiveCfg = Release|Any CPU
		{7D479560-CEC3-41A7-B6D2-E5FD764313CE}.Release|Any CPU.Build.0 = Release|Any CPU
		{D1DF8E7C-430F-4600-9994-E6D500911B8A}.Debug|Any CPU.ActiveCfg = Debug|Any CPU
		{D1DF8E7C-430F-4600-9994-E6D500911B8A}.Debug|Any CPU.Build.0 = Debug|Any CPU
		{D1DF8E7C-430F-4600-9994-E6D500911B8A}.Release|Any CPU.ActiveCfg = Release|Any CPU
		{D1DF8E7C-430F-4600-9994-E6D500911B8A}.Release|Any CPU.Build.0 = Release|Any CPU
		{8564C31B-FD5B-4968-BD9E-3BD05E7E3698}.Debug|Any CPU.ActiveCfg = Debug|Any CPU
		{8564C31B-FD5B-4968-BD9E-3BD05E7E3698}.Debug|Any CPU.Build.0 = Debug|Any CPU
		{8564C31B-FD5B-4968-BD9E-3BD05E7E3698}.Release|Any CPU.ActiveCfg = Release|Any CPU
		{8564C31B-FD5B-4968-BD9E-3BD05E7E3698}.Release|Any CPU.Build.0 = Release|Any CPU
		{F2441263-33C6-4522-8B43-A6B7787AF53B}.Debug|Any CPU.ActiveCfg = Debug|Any CPU
		{F2441263-33C6-4522-8B43-A6B7787AF53B}.Debug|Any CPU.Build.0 = Debug|Any CPU
		{F2441263-33C6-4522-8B43-A6B7787AF53B}.Release|Any CPU.ActiveCfg = Release|Any CPU
		{F2441263-33C6-4522-8B43-A6B7787AF53B}.Release|Any CPU.Build.0 = Release|Any CPU
		{F393DECE-95D9-4D06-8388-F0C76A9001A4}.Debug|Any CPU.ActiveCfg = Debug|Any CPU
		{F393DECE-95D9-4D06-8388-F0C76A9001A4}.Debug|Any CPU.Build.0 = Debug|Any CPU
		{F393DECE-95D9-4D06-8388-F0C76A9001A4}.Release|Any CPU.ActiveCfg = Release|Any CPU
		{F393DECE-95D9-4D06-8388-F0C76A9001A4}.Release|Any CPU.Build.0 = Release|Any CPU
		{8ADE9BBB-7D4B-4AF0-8198-EF7467AB03C2}.Debug|Any CPU.ActiveCfg = Debug|Any CPU
		{8ADE9BBB-7D4B-4AF0-8198-EF7467AB03C2}.Debug|Any CPU.Build.0 = Debug|Any CPU
		{8ADE9BBB-7D4B-4AF0-8198-EF7467AB03C2}.Release|Any CPU.ActiveCfg = Release|Any CPU
		{8ADE9BBB-7D4B-4AF0-8198-EF7467AB03C2}.Release|Any CPU.Build.0 = Release|Any CPU
		{EE9277EA-D248-4DDC-9690-128535B7E755}.Debug|Any CPU.ActiveCfg = Debug|Any CPU
		{EE9277EA-D248-4DDC-9690-128535B7E755}.Debug|Any CPU.Build.0 = Debug|Any CPU
		{EE9277EA-D248-4DDC-9690-128535B7E755}.Release|Any CPU.ActiveCfg = Release|Any CPU
		{EE9277EA-D248-4DDC-9690-128535B7E755}.Release|Any CPU.Build.0 = Release|Any CPU
		{5985630C-24D1-4C4C-9D12-DF25CCF7988F}.Debug|Any CPU.ActiveCfg = Debug|Any CPU
		{5985630C-24D1-4C4C-9D12-DF25CCF7988F}.Debug|Any CPU.Build.0 = Debug|Any CPU
		{5985630C-24D1-4C4C-9D12-DF25CCF7988F}.Release|Any CPU.ActiveCfg = Release|Any CPU
		{5985630C-24D1-4C4C-9D12-DF25CCF7988F}.Release|Any CPU.Build.0 = Release|Any CPU
		{1734FDA6-F4F0-4B95-BFEC-6423B6CE918D}.Debug|Any CPU.ActiveCfg = Debug|Any CPU
		{1734FDA6-F4F0-4B95-BFEC-6423B6CE918D}.Debug|Any CPU.Build.0 = Debug|Any CPU
		{1734FDA6-F4F0-4B95-BFEC-6423B6CE918D}.Release|Any CPU.ActiveCfg = Release|Any CPU
		{1734FDA6-F4F0-4B95-BFEC-6423B6CE918D}.Release|Any CPU.Build.0 = Release|Any CPU
		{C9251ECF-AA7E-4C47-B9F4-E214E2DB19FB}.Debug|Any CPU.ActiveCfg = Debug|Any CPU
		{C9251ECF-AA7E-4C47-B9F4-E214E2DB19FB}.Debug|Any CPU.Build.0 = Debug|Any CPU
		{C9251ECF-AA7E-4C47-B9F4-E214E2DB19FB}.Release|Any CPU.ActiveCfg = Release|Any CPU
		{C9251ECF-AA7E-4C47-B9F4-E214E2DB19FB}.Release|Any CPU.Build.0 = Release|Any CPU
		{5CE92353-F7FA-487B-B48E-5D58569CF098}.Debug|Any CPU.ActiveCfg = Debug|Any CPU
		{5CE92353-F7FA-487B-B48E-5D58569CF098}.Debug|Any CPU.Build.0 = Debug|Any CPU
		{5CE92353-F7FA-487B-B48E-5D58569CF098}.Release|Any CPU.ActiveCfg = Release|Any CPU
		{5CE92353-F7FA-487B-B48E-5D58569CF098}.Release|Any CPU.Build.0 = Release|Any CPU
		{02ADD3A8-59CC-43CB-8881-6AEEA0DDE173}.Debug|Any CPU.ActiveCfg = Debug|Any CPU
		{02ADD3A8-59CC-43CB-8881-6AEEA0DDE173}.Debug|Any CPU.Build.0 = Debug|Any CPU
		{02ADD3A8-59CC-43CB-8881-6AEEA0DDE173}.Release|Any CPU.ActiveCfg = Release|Any CPU
		{02ADD3A8-59CC-43CB-8881-6AEEA0DDE173}.Release|Any CPU.Build.0 = Release|Any CPU
		{6BAF5A62-57F0-45F2-871D-2D83B624BB11}.Debug|Any CPU.ActiveCfg = Debug|Any CPU
		{6BAF5A62-57F0-45F2-871D-2D83B624BB11}.Debug|Any CPU.Build.0 = Debug|Any CPU
		{6BAF5A62-57F0-45F2-871D-2D83B624BB11}.Release|Any CPU.ActiveCfg = Release|Any CPU
		{6BAF5A62-57F0-45F2-871D-2D83B624BB11}.Release|Any CPU.Build.0 = Release|Any CPU
		{0EB09283-AFBB-408B-909C-619C5C56CA84}.Debug|Any CPU.ActiveCfg = Debug|Any CPU
		{0EB09283-AFBB-408B-909C-619C5C56CA84}.Debug|Any CPU.Build.0 = Debug|Any CPU
		{0EB09283-AFBB-408B-909C-619C5C56CA84}.Release|Any CPU.ActiveCfg = Release|Any CPU
		{0EB09283-AFBB-408B-909C-619C5C56CA84}.Release|Any CPU.Build.0 = Release|Any CPU
		{65C8841E-8CCB-4D6A-9812-3E749E4A0A5A}.Debug|Any CPU.ActiveCfg = Debug|Any CPU
		{65C8841E-8CCB-4D6A-9812-3E749E4A0A5A}.Debug|Any CPU.Build.0 = Debug|Any CPU
		{65C8841E-8CCB-4D6A-9812-3E749E4A0A5A}.Release|Any CPU.ActiveCfg = Release|Any CPU
		{65C8841E-8CCB-4D6A-9812-3E749E4A0A5A}.Release|Any CPU.Build.0 = Release|Any CPU
		{A270E9E4-A74F-464B-AA31-D281E19CFA20}.Debug|Any CPU.ActiveCfg = Debug|Any CPU
		{A270E9E4-A74F-464B-AA31-D281E19CFA20}.Debug|Any CPU.Build.0 = Debug|Any CPU
		{A270E9E4-A74F-464B-AA31-D281E19CFA20}.Release|Any CPU.ActiveCfg = Release|Any CPU
		{A270E9E4-A74F-464B-AA31-D281E19CFA20}.Release|Any CPU.Build.0 = Release|Any CPU
		{766C4D96-2D72-4DCD-9AA2-15974E63FF16}.Debug|Any CPU.ActiveCfg = Debug|Any CPU
		{766C4D96-2D72-4DCD-9AA2-15974E63FF16}.Debug|Any CPU.Build.0 = Debug|Any CPU
		{766C4D96-2D72-4DCD-9AA2-15974E63FF16}.Release|Any CPU.ActiveCfg = Release|Any CPU
		{766C4D96-2D72-4DCD-9AA2-15974E63FF16}.Release|Any CPU.Build.0 = Release|Any CPU
		{FD3C2D7D-CB5D-4378-A21A-AC04AB192442}.Debug|Any CPU.ActiveCfg = Debug|Any CPU
		{FD3C2D7D-CB5D-4378-A21A-AC04AB192442}.Debug|Any CPU.Build.0 = Debug|Any CPU
		{FD3C2D7D-CB5D-4378-A21A-AC04AB192442}.Release|Any CPU.ActiveCfg = Release|Any CPU
		{FD3C2D7D-CB5D-4378-A21A-AC04AB192442}.Release|Any CPU.Build.0 = Release|Any CPU
		{FF60DD5F-E468-4A17-B6FA-615E6C0DFD60}.Debug|Any CPU.ActiveCfg = Debug|Any CPU
		{FF60DD5F-E468-4A17-B6FA-615E6C0DFD60}.Debug|Any CPU.Build.0 = Debug|Any CPU
		{FF60DD5F-E468-4A17-B6FA-615E6C0DFD60}.Release|Any CPU.ActiveCfg = Release|Any CPU
		{FF60DD5F-E468-4A17-B6FA-615E6C0DFD60}.Release|Any CPU.Build.0 = Release|Any CPU
		{585AB07D-2C80-4A3D-9ADC-EA9825B1177F}.Debug|Any CPU.ActiveCfg = Debug|Any CPU
		{585AB07D-2C80-4A3D-9ADC-EA9825B1177F}.Debug|Any CPU.Build.0 = Debug|Any CPU
		{585AB07D-2C80-4A3D-9ADC-EA9825B1177F}.Release|Any CPU.ActiveCfg = Release|Any CPU
		{585AB07D-2C80-4A3D-9ADC-EA9825B1177F}.Release|Any CPU.Build.0 = Release|Any CPU
		{6A0E8764-A1BD-4F3D-BD57-7D86296CCF67}.Debug|Any CPU.ActiveCfg = Debug|Any CPU
		{6A0E8764-A1BD-4F3D-BD57-7D86296CCF67}.Debug|Any CPU.Build.0 = Debug|Any CPU
		{6A0E8764-A1BD-4F3D-BD57-7D86296CCF67}.Release|Any CPU.ActiveCfg = Release|Any CPU
		{6A0E8764-A1BD-4F3D-BD57-7D86296CCF67}.Release|Any CPU.Build.0 = Release|Any CPU
		{B243EA2A-9F4A-4AFA-8ABD-F06F886B991E}.Debug|Any CPU.ActiveCfg = Debug|Any CPU
		{B243EA2A-9F4A-4AFA-8ABD-F06F886B991E}.Debug|Any CPU.Build.0 = Debug|Any CPU
		{B243EA2A-9F4A-4AFA-8ABD-F06F886B991E}.Release|Any CPU.ActiveCfg = Release|Any CPU
		{B243EA2A-9F4A-4AFA-8ABD-F06F886B991E}.Release|Any CPU.Build.0 = Release|Any CPU
		{92D1CA31-35EE-43ED-A196-9AE059AD6EE2}.Debug|Any CPU.ActiveCfg = Debug|Any CPU
		{92D1CA31-35EE-43ED-A196-9AE059AD6EE2}.Debug|Any CPU.Build.0 = Debug|Any CPU
		{92D1CA31-35EE-43ED-A196-9AE059AD6EE2}.Release|Any CPU.ActiveCfg = Release|Any CPU
		{92D1CA31-35EE-43ED-A196-9AE059AD6EE2}.Release|Any CPU.Build.0 = Release|Any CPU
		{216245F8-4B00-4B28-B795-CB1310FB7D2A}.Debug|Any CPU.ActiveCfg = Debug|Any CPU
		{216245F8-4B00-4B28-B795-CB1310FB7D2A}.Debug|Any CPU.Build.0 = Debug|Any CPU
		{216245F8-4B00-4B28-B795-CB1310FB7D2A}.Release|Any CPU.ActiveCfg = Release|Any CPU
		{216245F8-4B00-4B28-B795-CB1310FB7D2A}.Release|Any CPU.Build.0 = Release|Any CPU
		{1C8D0CDB-9BD3-48F8-9C6E-6F4B7019DF91}.Debug|Any CPU.ActiveCfg = Debug|Any CPU
		{1C8D0CDB-9BD3-48F8-9C6E-6F4B7019DF91}.Debug|Any CPU.Build.0 = Debug|Any CPU
		{1C8D0CDB-9BD3-48F8-9C6E-6F4B7019DF91}.Release|Any CPU.ActiveCfg = Release|Any CPU
		{1C8D0CDB-9BD3-48F8-9C6E-6F4B7019DF91}.Release|Any CPU.Build.0 = Release|Any CPU
		{37538834-CE66-46C9-AF86-F25C17EDA934}.Debug|Any CPU.ActiveCfg = Debug|Any CPU
		{37538834-CE66-46C9-AF86-F25C17EDA934}.Debug|Any CPU.Build.0 = Debug|Any CPU
		{37538834-CE66-46C9-AF86-F25C17EDA934}.Release|Any CPU.ActiveCfg = Release|Any CPU
		{37538834-CE66-46C9-AF86-F25C17EDA934}.Release|Any CPU.Build.0 = Release|Any CPU
		{33C9ECF8-4338-4D9C-A15B-3B1137828C02}.Debug|Any CPU.ActiveCfg = Debug|Any CPU
		{33C9ECF8-4338-4D9C-A15B-3B1137828C02}.Debug|Any CPU.Build.0 = Debug|Any CPU
		{33C9ECF8-4338-4D9C-A15B-3B1137828C02}.Release|Any CPU.ActiveCfg = Release|Any CPU
		{33C9ECF8-4338-4D9C-A15B-3B1137828C02}.Release|Any CPU.Build.0 = Release|Any CPU
		{3B6EE4BF-AA0F-4601-8C16-9EC2718C6DE4}.Debug|Any CPU.ActiveCfg = Debug|Any CPU
		{3B6EE4BF-AA0F-4601-8C16-9EC2718C6DE4}.Debug|Any CPU.Build.0 = Debug|Any CPU
		{3B6EE4BF-AA0F-4601-8C16-9EC2718C6DE4}.Release|Any CPU.ActiveCfg = Release|Any CPU
		{3B6EE4BF-AA0F-4601-8C16-9EC2718C6DE4}.Release|Any CPU.Build.0 = Release|Any CPU
		{589C1AD9-5EEC-46F9-A470-C1DBE8893D38}.Debug|Any CPU.ActiveCfg = Debug|Any CPU
		{589C1AD9-5EEC-46F9-A470-C1DBE8893D38}.Debug|Any CPU.Build.0 = Debug|Any CPU
		{589C1AD9-5EEC-46F9-A470-C1DBE8893D38}.Release|Any CPU.ActiveCfg = Release|Any CPU
		{589C1AD9-5EEC-46F9-A470-C1DBE8893D38}.Release|Any CPU.Build.0 = Release|Any CPU
	EndGlobalSection
	GlobalSection(SolutionProperties) = preSolution
		HideSolutionNode = FALSE
	EndGlobalSection
	GlobalSection(NestedProjects) = preSolution
		{7AFC0FD9-0B05-4F66-BAED-8093D8C0780E} = {EBB0FD4E-6BC7-415B-8428-DF1BD8CF8564}
		{AF7D35EB-7B95-41C4-BEBC-FDBFD214876E} = {EBB0FD4E-6BC7-415B-8428-DF1BD8CF8564}
		{873C1C91-F73B-444D-BCF6-CB0D2B24120E} = {EBB0FD4E-6BC7-415B-8428-DF1BD8CF8564}
		{B305C2F3-8F3B-4A4C-88BD-7C09DD3AB779} = {EBB0FD4E-6BC7-415B-8428-DF1BD8CF8564}
		{336D76DE-A2D6-4020-89D2-9A5C645CA93E} = {873C1C91-F73B-444D-BCF6-CB0D2B24120E}
		{455D334D-20A1-4D99-B4CC-87ADF2B71443} = {7AFC0FD9-0B05-4F66-BAED-8093D8C0780E}
		{7CCC9658-1FCE-4C0A-8DD6-19E86C813106} = {7AFC0FD9-0B05-4F66-BAED-8093D8C0780E}
		{9C32EFA5-CC0E-4536-97F1-51D8325666C8} = {7AFC0FD9-0B05-4F66-BAED-8093D8C0780E}
		{20BC147E-32F4-4621-AA58-8A2180A6235C} = {7AFC0FD9-0B05-4F66-BAED-8093D8C0780E}
		{DA3D7E7B-5737-4438-8C16-D858EFB71D2D} = {7AFC0FD9-0B05-4F66-BAED-8093D8C0780E}
		{C213A9A7-1EC6-4A7F-A74E-F011F3B3F967} = {AF7D35EB-7B95-41C4-BEBC-FDBFD214876E}
		{18D2DCF5-1304-4F2A-B895-72AB1B41C8AD} = {B305C2F3-8F3B-4A4C-88BD-7C09DD3AB779}
		{062D2AFF-45C1-426D-86A9-26C4B17CBD05} = {746CACC4-1D65-4DF7-94BE-ECB4AB39DB6C}
		{C73E1FFC-5634-4976-8C73-C9A2C28EFAF5} = {746CACC4-1D65-4DF7-94BE-ECB4AB39DB6C}
		{92BC6934-00B3-48EC-8F10-B716B3169119} = {746CACC4-1D65-4DF7-94BE-ECB4AB39DB6C}
		{0CDC0A67-3185-41D7-8614-871C38F60A36} = {062D2AFF-45C1-426D-86A9-26C4B17CBD05}
		{67980CDE-9950-4946-A8BA-B2E4943AE997} = {062D2AFF-45C1-426D-86A9-26C4B17CBD05}
		{A8CDE3B1-639A-453A-B714-7C0E134FC727} = {062D2AFF-45C1-426D-86A9-26C4B17CBD05}
		{A2C843AC-7739-46B7-B11A-5BADE0164BA8} = {062D2AFF-45C1-426D-86A9-26C4B17CBD05}
		{579EEAB6-75A7-4C8C-91B6-198B135FBEF5} = {C73E1FFC-5634-4976-8C73-C9A2C28EFAF5}
		{C4FF3320-959C-4579-BE99-FE678D7A4E3B} = {579EEAB6-75A7-4C8C-91B6-198B135FBEF5}
		{70F7736E-0E4D-42C1-83CA-15419C7F4D57} = {579EEAB6-75A7-4C8C-91B6-198B135FBEF5}
		{861DE20E-9231-467E-BA66-1C8EC606694E} = {92BC6934-00B3-48EC-8F10-B716B3169119}
		{A6010E53-BBA9-491A-A198-7729A1289B38} = {60240CE1-4A0E-4A36-A38F-E246358430CF}
		{58CCF722-DE43-41C3-9BB8-FB4AEF7A4FD3} = {A6010E53-BBA9-491A-A198-7729A1289B38}
		{01A49F02-142D-4339-A8DB-4DDF8AB05E29} = {A6010E53-BBA9-491A-A198-7729A1289B38}
		{1F6C8B44-6543-47A4-AC56-494836ABE6CA} = {A6010E53-BBA9-491A-A198-7729A1289B38}
		{0435594C-B2D2-4DFC-8DA9-A7FB8899849B} = {A6010E53-BBA9-491A-A198-7729A1289B38}
		{659E4065-EEA7-4508-87B7-9B78A67F48F7} = {A6010E53-BBA9-491A-A198-7729A1289B38}
		{31B6FF70-C46F-47CD-95B5-91424B4AF632} = {A6010E53-BBA9-491A-A198-7729A1289B38}
		{9B13910E-D356-464D-9C8F-8A7F01E6D508} = {A6010E53-BBA9-491A-A198-7729A1289B38}
		{73B5ABC1-946A-499B-85F4-FA02ED09A85F} = {A6010E53-BBA9-491A-A198-7729A1289B38}
		{9EC506FF-34D6-404E-94D0-E88E4A83E4C9} = {A6010E53-BBA9-491A-A198-7729A1289B38}
		{52155322-0ED9-482B-8EC4-B96393CE95A3} = {60240CE1-4A0E-4A36-A38F-E246358430CF}
		{43B424ED-201F-4E40-B300-49E57E70C192} = {52155322-0ED9-482B-8EC4-B96393CE95A3}
		{5DAA37B7-CF4C-4435-BCCB-D507E22CD89B} = {43B424ED-201F-4E40-B300-49E57E70C192}
		{7D479560-CEC3-41A7-B6D2-E5FD764313CE} = {43B424ED-201F-4E40-B300-49E57E70C192}
		{4217F67F-F59A-4DCB-ABCA-A3EBC9BF8092} = {52155322-0ED9-482B-8EC4-B96393CE95A3}
		{0AD112DC-1B3F-4185-80E8-4D93466F4771} = {52155322-0ED9-482B-8EC4-B96393CE95A3}
		{D1DF8E7C-430F-4600-9994-E6D500911B8A} = {0AD112DC-1B3F-4185-80E8-4D93466F4771}
		{026744E2-44DD-4BC1-9FC7-7B15271D2838} = {52155322-0ED9-482B-8EC4-B96393CE95A3}
		{8564C31B-FD5B-4968-BD9E-3BD05E7E3698} = {026744E2-44DD-4BC1-9FC7-7B15271D2838}
		{F2441263-33C6-4522-8B43-A6B7787AF53B} = {026744E2-44DD-4BC1-9FC7-7B15271D2838}
		{6E48574E-87AD-4379-BA41-E0DCC8E4B524} = {52155322-0ED9-482B-8EC4-B96393CE95A3}
		{F393DECE-95D9-4D06-8388-F0C76A9001A4} = {6E48574E-87AD-4379-BA41-E0DCC8E4B524}
		{40555532-28F3-4CBB-BF69-4F5BE1D7F438} = {52155322-0ED9-482B-8EC4-B96393CE95A3}
		{8ADE9BBB-7D4B-4AF0-8198-EF7467AB03C2} = {40555532-28F3-4CBB-BF69-4F5BE1D7F438}
		{4846305B-7532-4DD5-B3DB-7354A3B89A88} = {52155322-0ED9-482B-8EC4-B96393CE95A3}
		{EE9277EA-D248-4DDC-9690-128535B7E755} = {4846305B-7532-4DD5-B3DB-7354A3B89A88}
		{5985630C-24D1-4C4C-9D12-DF25CCF7988F} = {4846305B-7532-4DD5-B3DB-7354A3B89A88}
		{EE88ADCF-B5E0-4D09-879D-C8F3E8583FF7} = {52155322-0ED9-482B-8EC4-B96393CE95A3}
		{1734FDA6-F4F0-4B95-BFEC-6423B6CE918D} = {EE88ADCF-B5E0-4D09-879D-C8F3E8583FF7}
		{B4BECDE5-DD60-4B48-9BD0-0AE3296F1A8E} = {52155322-0ED9-482B-8EC4-B96393CE95A3}
		{C9251ECF-AA7E-4C47-B9F4-E214E2DB19FB} = {B4BECDE5-DD60-4B48-9BD0-0AE3296F1A8E}
		{835D1512-CF76-48BB-B754-96E5467D80C5} = {60240CE1-4A0E-4A36-A38F-E246358430CF}
		{0F099DB0-74AF-42C8-AE18-34F1DCDFDF12} = {835D1512-CF76-48BB-B754-96E5467D80C5}
		{5CE92353-F7FA-487B-B48E-5D58569CF098} = {0F099DB0-74AF-42C8-AE18-34F1DCDFDF12}
		{4C3CE66F-1136-40BB-B124-1BDC0EF5C178} = {835D1512-CF76-48BB-B754-96E5467D80C5}
		{02ADD3A8-59CC-43CB-8881-6AEEA0DDE173} = {4C3CE66F-1136-40BB-B124-1BDC0EF5C178}
		{0980CB26-F227-4B10-A61E-84F24D23F07C} = {835D1512-CF76-48BB-B754-96E5467D80C5}
		{6BAF5A62-57F0-45F2-871D-2D83B624BB11} = {0980CB26-F227-4B10-A61E-84F24D23F07C}
		{48ECB2C1-5A20-45EB-8B2C-36561BBA589E} = {835D1512-CF76-48BB-B754-96E5467D80C5}
		{0EB09283-AFBB-408B-909C-619C5C56CA84} = {48ECB2C1-5A20-45EB-8B2C-36561BBA589E}
		{2A01BA43-615B-49BC-B216-E8069B63CE11} = {835D1512-CF76-48BB-B754-96E5467D80C5}
		{65C8841E-8CCB-4D6A-9812-3E749E4A0A5A} = {2A01BA43-615B-49BC-B216-E8069B63CE11}
		{A270E9E4-A74F-464B-AA31-D281E19CFA20} = {A6010E53-BBA9-491A-A198-7729A1289B38}
		{11108C4D-CC38-4166-9529-E6412488158B} = {4217F67F-F59A-4DCB-ABCA-A3EBC9BF8092}
		{766C4D96-2D72-4DCD-9AA2-15974E63FF16} = {11108C4D-CC38-4166-9529-E6412488158B}
		{FD3C2D7D-CB5D-4378-A21A-AC04AB192442} = {11108C4D-CC38-4166-9529-E6412488158B}
		{FF60DD5F-E468-4A17-B6FA-615E6C0DFD60} = {C213A9A7-1EC6-4A7F-A74E-F011F3B3F967}
		{585AB07D-2C80-4A3D-9ADC-EA9825B1177F} = {C213A9A7-1EC6-4A7F-A74E-F011F3B3F967}
		{6A0E8764-A1BD-4F3D-BD57-7D86296CCF67} = {C213A9A7-1EC6-4A7F-A74E-F011F3B3F967}
		{FFB6D25F-EF32-4E01-AB94-5974ADE2BBD6} = {6E48574E-87AD-4379-BA41-E0DCC8E4B524}
		{B243EA2A-9F4A-4AFA-8ABD-F06F886B991E} = {FFB6D25F-EF32-4E01-AB94-5974ADE2BBD6}
		{92D1CA31-35EE-43ED-A196-9AE059AD6EE2} = {FFB6D25F-EF32-4E01-AB94-5974ADE2BBD6}
		{216245F8-4B00-4B28-B795-CB1310FB7D2A} = {4846305B-7532-4DD5-B3DB-7354A3B89A88}
		{1C8D0CDB-9BD3-48F8-9C6E-6F4B7019DF91} = {43B424ED-201F-4E40-B300-49E57E70C192}
		{9FD16C3C-ADB8-4054-821B-D065D678A5BE} = {E9C0B027-D80B-447B-8484-21A5F425D227}
		{64CE501A-A493-44DF-BA66-4EF9E695D837} = {E9C0B027-D80B-447B-8484-21A5F425D227}
		{DFCC800F-891B-4F97-AF82-56BA7CDAD6C9} = {E9C0B027-D80B-447B-8484-21A5F425D227}
		{37538834-CE66-46C9-AF86-F25C17EDA934} = {9FD16C3C-ADB8-4054-821B-D065D678A5BE}
		{33C9ECF8-4338-4D9C-A15B-3B1137828C02} = {64CE501A-A493-44DF-BA66-4EF9E695D837}
		{3B6EE4BF-AA0F-4601-8C16-9EC2718C6DE4} = {DFCC800F-891B-4F97-AF82-56BA7CDAD6C9}
		{589C1AD9-5EEC-46F9-A470-C1DBE8893D38} = {026744E2-44DD-4BC1-9FC7-7B15271D2838}
	EndGlobalSection
	GlobalSection(ExtensibilityGlobals) = postSolution
		SolutionGuid = {49BDF91F-DDCD-4DC3-B196-D98A9EB967CA}
	EndGlobalSection
EndGlobal
